{
    "name": "vv-ddl-gen",
    "lockfileVersion": 3,
    "requires": true,
    "packages": {
        "": {
            "name": "vv-ddl-gen",
            "dependencies": {
                "@sinclair/typebox": "^0.34.41",
                "comment-json": "^4.4.1",
                "jsonc-parser": "^3.3.1",
                "vv-config-jsonc": "^1.0.0"
            },
            "devDependencies": {
                "@types/bun": "latest"
            },
            "peerDependencies": {
                "typescript": "^5"
            }
        },
        "node_modules/@sinclair/typebox": {
            "version": "0.34.41",
            "license": "MIT"
        },
        "node_modules/@types/bun": {
            "version": "1.3.1",
            "resolved": "https://registry.npmjs.org/@types/bun/-/bun-1.3.1.tgz",
            "integrity": "sha512-4jNMk2/K9YJtfqwoAa28c8wK+T7nvJFOjxI4h/7sORWcypRNxBpr+TPNaCfVWq70tLCJsqoFwcf0oI0JU/fvMQ==",
            "dev": true,
            "license": "MIT",
            "dependencies": {
                "bun-types": "1.3.1"
            }
        },
        "node_modules/@types/node": {
            "version": "24.9.1",
            "dev": true,
            "license": "MIT",
            "dependencies": {
                "undici-types": "~7.16.0"
            }
        },
        "node_modules/@types/react": {
            "version": "19.2.2",
            "dev": true,
            "license": "MIT",
            "peer": true,
            "dependencies": {
                "csstype": "^3.0.2"
            }
        },
        "node_modules/array-timsort": {
            "version": "1.0.3",
            "license": "MIT"
        },
        "node_modules/bun-types": {
            "version": "1.3.1",
            "dev": true,
            "license": "MIT",
            "dependencies": {
                "@types/node": "*"
            },
            "peerDependencies": {
                "@types/react": "^19"
            }
        },
        "node_modules/comment-json": {
            "version": "4.4.1",
            "license": "MIT",
            "dependencies": {
                "array-timsort": "^1.0.3",
                "core-util-is": "^1.0.3",
                "esprima": "^4.0.1"
            },
            "engines": {
                "node": ">= 6"
            }
        },
        "node_modules/core-util-is": {
            "version": "1.0.3",
            "license": "MIT"
        },
        "node_modules/csstype": {
            "version": "3.1.3",
            "dev": true,
            "license": "MIT",
            "peer": true
        },
        "node_modules/esprima": {
            "version": "4.0.1",
            "license": "BSD-2-Clause",
            "bin": {
                "esparse": "bin/esparse.js",
                "esvalidate": "bin/esvalidate.js"
            },
            "engines": {
                "node": ">=4"
            }
        },
        "node_modules/jsonc-parser": {
            "version": "3.3.1",
            "license": "MIT"
        },
        "node_modules/typescript": {
            "version": "5.9.3",
            "license": "Apache-2.0",
            "peer": true,
            "bin": {
                "tsc": "bin/tsc",
                "tsserver": "bin/tsserver"
            },
            "engines": {
                "node": ">=14.17"
            }
        },
        "node_modules/undici-types": {
            "version": "7.16.0",
            "dev": true,
            "license": "MIT"
        },
        "node_modules/vv-config-jsonc": {
            "version": "1.0.0",
            "resolved": "https://registry.npmjs.org/vv-config-jsonc/-/vv-config-jsonc-1.0.0.tgz",
            "integrity": "sha512-KoLfwXxAhcqBZyKm6aM76dEh2qpa42rw/9B4yimQBMqQEIBUkSocxJcP+f2o7UE5SxAadlTOOnL+hk84byjOJA==",
            "license": "MIT",
            "dependencies": {
                "@sinclair/typebox": "^0.34.41",
                "jsonc-parser": "^3.3.1"
            }
        }
    }
}
